
Microsoft Visual Studio Solution File, Format Version 12.00
# Visual Studio Version 16
VisualStudioVersion = 16.0.31911.196
MinimumVisualStudioVersion = 10.0.40219.1
Project("{8BC9CEB8-8B4A-11D0-8D11-00A0C91BC942}") = "TilemapEditor", "TilemapEditor\TilemapEditor.vcxproj", "{CF9570B1-3240-4D65-BD9F-498DF35D74FA}"
EndProject
Global
	GlobalSection(SolutionConfigurationPlatforms) = preSolution
		Debug|x64 = Debug|x64
		Debug|x86 = Debug|x86
		Release|x64 = Release|x64
		Release|x86 = Release|x86
	EndGlobalSection
	GlobalSection(ProjectConfigurationPlatforms) = postSolution
		{CF9570B1-3240-4D65-BD9F-498DF35D74FA}.Debug|x64.ActiveCfg = Debug|x64
		{CF9570B1-3240-4D65-BD9F-498DF35D74FA}.Debug|x64.Build.0 = Debug|x64
		{CF9570B1-3240-4D65-BD9F-498DF35D74FA}.Debug|x86.ActiveCfg = Debug|Win32
		{CF9570B1-3240-4D65-BD9F-498DF35D74FA}.Debug|x86.Build.0 = Debug|Win32
		{CF9570B1-3240-4D65-BD9F-498DF35D74FA}.Release|x64.ActiveCfg = Release|x64
		{CF9570B1-3240-4D65-BD9F-498DF35D74FA}.Release|x64.Build.0 = Release|x64
		{CF9570B1-3240-4D65-BD9F-498DF35D74FA}.Release|x86.ActiveCfg = Release|Win32
		{CF9570B1-3240-4D65-BD9F-498DF35D74FA}.Release|x86.Build.0 = Release|Win32
	EndGlobalSection
	GlobalSection(SolutionProperties) = preSolution
		HideSolutionNode = FALSE
	EndGlobalSection
	GlobalSection(ExtensibilityGlobals) = postSolution
		SolutionGuid = {F437D7F6-8DA6-43FC-86FA-229BC2DFBECC}
	EndGlobalSection
EndGlobal
